// !$*UTF8*$!
{
	archiveVersion = 1;
	classes = {
	};
	objectVersion = 46;
	objects = {

/* Begin PBXBuildFile section */
		9A31BD6C19ED500E005BAE5A /* State.swift in Sources */ = {isa = PBXBuildFile; fileRef = 9AC8CA0F1969C668006F1EAC /* State.swift */; };
		9A31BD6E19ED55CB005BAE5A /* StateMachine.swift in Sources */ = {isa = PBXBuildFile; fileRef = 9A31BD6D19ED55CB005BAE5A /* StateMachine.swift */; };
		9A31BD7019EE6385005BAE5A /* StateMachineStateSwitchingTests.swift in Sources */ = {isa = PBXBuildFile; fileRef = 9A31BD6F19EE6384005BAE5A /* StateMachineStateSwitchingTests.swift */; };
		9A31BD7219EE9B40005BAE5A /* AddingStatesTestCase.swift in Sources */ = {isa = PBXBuildFile; fileRef = 9A31BD7119EE9B40005BAE5A /* AddingStatesTestCase.swift */; };
		9AB6BFA419EEBCA000E25A90 /* StateEventsTestCase.swift in Sources */ = {isa = PBXBuildFile; fileRef = 9AB6BFA319EEBCA000E25A90 /* StateEventsTestCase.swift */; };
		9AC8C9F51969BBB5006F1EAC /* AppDelegate.swift in Sources */ = {isa = PBXBuildFile; fileRef = 9AC8C9F41969BBB5006F1EAC /* AppDelegate.swift */; };
		9AC8C9F71969BBB5006F1EAC /* Images.xcassets in Resources */ = {isa = PBXBuildFile; fileRef = 9AC8C9F61969BBB5006F1EAC /* Images.xcassets */; };
		9AC8CA101969C668006F1EAC /* State.swift in Sources */ = {isa = PBXBuildFile; fileRef = 9AC8CA0F1969C668006F1EAC /* State.swift */; };
		9AC8CA161969CFED006F1EAC /* StateTests.swift in Sources */ = {isa = PBXBuildFile; fileRef = 9AC8CA151969CFED006F1EAC /* StateTests.swift */; };
		9AE16B9C1A1268C0000414F2 /* StateMachine.swift in Sources */ = {isa = PBXBuildFile; fileRef = 9A31BD6D19ED55CB005BAE5A /* StateMachine.swift */; };
		9AFD84A719FF9616001C2639 /* EventTests.swift in Sources */ = {isa = PBXBuildFile; fileRef = 9AFD84A619FF9616001C2639 /* EventTests.swift */; };
		9AFD84AA19FF9D76001C2639 /* Event.swift in Sources */ = {isa = PBXBuildFile; fileRef = 9AFD84A919FF9D76001C2639 /* Event.swift */; };
		9AFD84AB19FFE8F8001C2639 /* Event.swift in Sources */ = {isa = PBXBuildFile; fileRef = 9AFD84A919FF9D76001C2639 /* Event.swift */; };
/* End PBXBuildFile section */

/* Begin PBXContainerItemProxy section */
		9AC8C9FD1969BBB5006F1EAC /* PBXContainerItemProxy */ = {
			isa = PBXContainerItemProxy;
			containerPortal = 9AC8C9E71969BBB5006F1EAC /* Project object */;
			proxyType = 1;
			remoteGlobalIDString = 9AC8C9EE1969BBB5006F1EAC;
			remoteInfo = StateMachine;
		};
/* End PBXContainerItemProxy section */

/* Begin PBXFileReference section */
		9A31BD6D19ED55CB005BAE5A /* StateMachine.swift */ = {isa = PBXFileReference; fileEncoding = 4; lastKnownFileType = sourcecode.swift; name = StateMachine.swift; path = Code/StateMachine.swift; sourceTree = SOURCE_ROOT; };
		9A31BD6F19EE6384005BAE5A /* StateMachineStateSwitchingTests.swift */ = {isa = PBXFileReference; fileEncoding = 4; lastKnownFileType = sourcecode.swift; path = StateMachineStateSwitchingTests.swift; sourceTree = "<group>"; };
		9A31BD7119EE9B40005BAE5A /* AddingStatesTestCase.swift */ = {isa = PBXFileReference; fileEncoding = 4; lastKnownFileType = sourcecode.swift; path = AddingStatesTestCase.swift; sourceTree = "<group>"; };
		9AB6BFA319EEBCA000E25A90 /* StateEventsTestCase.swift */ = {isa = PBXFileReference; fileEncoding = 4; lastKnownFileType = sourcecode.swift; path = StateEventsTestCase.swift; sourceTree = "<group>"; };
		9AC8C9EF1969BBB5006F1EAC /* StateMachine.app */ = {isa = PBXFileReference; explicitFileType = wrapper.application; includeInIndex = 0; path = StateMachine.app; sourceTree = BUILT_PRODUCTS_DIR; };
		9AC8C9F31969BBB5006F1EAC /* Info.plist */ = {isa = PBXFileReference; lastKnownFileType = text.plist.xml; path = Info.plist; sourceTree = "<group>"; };
		9AC8C9F41969BBB5006F1EAC /* AppDelegate.swift */ = {isa = PBXFileReference; lastKnownFileType = sourcecode.swift; path = AppDelegate.swift; sourceTree = "<group>"; };
		9AC8C9F61969BBB5006F1EAC /* Images.xcassets */ = {isa = PBXFileReference; lastKnownFileType = folder.assetcatalog; path = Images.xcassets; sourceTree = "<group>"; };
		9AC8C9FC1969BBB5006F1EAC /* StateMachineTests.xctest */ = {isa = PBXFileReference; explicitFileType = wrapper.cfbundle; includeInIndex = 0; path = StateMachineTests.xctest; sourceTree = BUILT_PRODUCTS_DIR; };
		9AC8CA011969BBB5006F1EAC /* Info.plist */ = {isa = PBXFileReference; lastKnownFileType = text.plist.xml; path = Info.plist; sourceTree = "<group>"; };
		9AC8CA0F1969C668006F1EAC /* State.swift */ = {isa = PBXFileReference; fileEncoding = 4; lastKnownFileType = sourcecode.swift; name = State.swift; path = Code/State.swift; sourceTree = SOURCE_ROOT; };
		9AC8CA151969CFED006F1EAC /* StateTests.swift */ = {isa = PBXFileReference; fileEncoding = 4; lastKnownFileType = sourcecode.swift; path = StateTests.swift; sourceTree = "<group>"; };
		9AFD84A619FF9616001C2639 /* EventTests.swift */ = {isa = PBXFileReference; fileEncoding = 4; lastKnownFileType = sourcecode.swift; path = EventTests.swift; sourceTree = "<group>"; };
		9AFD84A919FF9D76001C2639 /* Event.swift */ = {isa = PBXFileReference; fileEncoding = 4; lastKnownFileType = sourcecode.swift; name = Event.swift; path = Code/Event.swift; sourceTree = SOURCE_ROOT; };
/* End PBXFileReference section */

/* Begin PBXFrameworksBuildPhase section */
		9AC8C9EC1969BBB5006F1EAC /* Frameworks */ = {
			isa = PBXFrameworksBuildPhase;
			buildActionMask = 2147483647;
			files = (
			);
			runOnlyForDeploymentPostprocessing = 0;
		};
		9AC8C9F91969BBB5006F1EAC /* Frameworks */ = {
			isa = PBXFrameworksBuildPhase;
			buildActionMask = 2147483647;
			files = (
			);
			runOnlyForDeploymentPostprocessing = 0;
		};
/* End PBXFrameworksBuildPhase section */

/* Begin PBXGroup section */
		9A31BD7319EE9B47005BAE5A /* Test cases */ = {
			isa = PBXGroup;
			children = (
				9A31BD7119EE9B40005BAE5A /* AddingStatesTestCase.swift */,
				9A31BD6F19EE6384005BAE5A /* StateMachineStateSwitchingTests.swift */,
				9AB6BFA319EEBCA000E25A90 /* StateEventsTestCase.swift */,
				9AC8CA151969CFED006F1EAC /* StateTests.swift */,
				9AFD84A619FF9616001C2639 /* EventTests.swift */,
			);
			name = "Test cases";
			sourceTree = "<group>";
		};
		9AC8C9E61969BBB5006F1EAC = {
			isa = PBXGroup;
			children = (
				9AC8C9F11969BBB5006F1EAC /* StateMachine */,
				9AC8C9FF1969BBB5006F1EAC /* StateMachineTests */,
				9AC8C9F01969BBB5006F1EAC /* Products */,
			);
			sourceTree = "<group>";
		};
		9AC8C9F01969BBB5006F1EAC /* Products */ = {
			isa = PBXGroup;
			children = (
				9AC8C9EF1969BBB5006F1EAC /* StateMachine.app */,
				9AC8C9FC1969BBB5006F1EAC /* StateMachineTests.xctest */,
			);
			name = Products;
			sourceTree = "<group>";
		};
		9AC8C9F11969BBB5006F1EAC /* StateMachine */ = {
			isa = PBXGroup;
			children = (
				9AFD84A919FF9D76001C2639 /* Event.swift */,
				9AC8CA0F1969C668006F1EAC /* State.swift */,
				9A31BD6D19ED55CB005BAE5A /* StateMachine.swift */,
				9AC8C9F61969BBB5006F1EAC /* Images.xcassets */,
				9AC8C9F21969BBB5006F1EAC /* Supporting Files */,
			);
			path = StateMachine;
			sourceTree = "<group>";
		};
		9AC8C9F21969BBB5006F1EAC /* Supporting Files */ = {
			isa = PBXGroup;
			children = (
				9AC8C9F41969BBB5006F1EAC /* AppDelegate.swift */,
				9AC8C9F31969BBB5006F1EAC /* Info.plist */,
			);
			name = "Supporting Files";
			sourceTree = "<group>";
		};
		9AC8C9FF1969BBB5006F1EAC /* StateMachineTests */ = {
			isa = PBXGroup;
			children = (
				9A31BD7319EE9B47005BAE5A /* Test cases */,
				9AC8CA001969BBB5006F1EAC /* Supporting Files */,
			);
			path = StateMachineTests;
			sourceTree = "<group>";
		};
		9AC8CA001969BBB5006F1EAC /* Supporting Files */ = {
			isa = PBXGroup;
			children = (
				9AC8CA011969BBB5006F1EAC /* Info.plist */,
			);
			name = "Supporting Files";
			sourceTree = "<group>";
		};
/* End PBXGroup section */

/* Begin PBXNativeTarget section */
		9AC8C9EE1969BBB5006F1EAC /* StateMachine */ = {
			isa = PBXNativeTarget;
			buildConfigurationList = 9AC8CA061969BBB5006F1EAC /* Build configuration list for PBXNativeTarget "StateMachine" */;
			buildPhases = (
				9AC8C9EB1969BBB5006F1EAC /* Sources */,
				9AC8C9EC1969BBB5006F1EAC /* Frameworks */,
				9AC8C9ED1969BBB5006F1EAC /* Resources */,
			);
			buildRules = (
			);
			dependencies = (
			);
			name = StateMachine;
			productName = StateMachine;
			productReference = 9AC8C9EF1969BBB5006F1EAC /* StateMachine.app */;
			productType = "com.apple.product-type.application";
		};
		9AC8C9FB1969BBB5006F1EAC /* StateMachineTests */ = {
			isa = PBXNativeTarget;
			buildConfigurationList = 9AC8CA091969BBB5006F1EAC /* Build configuration list for PBXNativeTarget "StateMachineTests" */;
			buildPhases = (
				9AC8C9F81969BBB5006F1EAC /* Sources */,
				9AC8C9F91969BBB5006F1EAC /* Frameworks */,
				9AC8C9FA1969BBB5006F1EAC /* Resources */,
			);
			buildRules = (
			);
			dependencies = (
				9AC8C9FE1969BBB5006F1EAC /* PBXTargetDependency */,
			);
			name = StateMachineTests;
			productName = StateMachineTests;
			productReference = 9AC8C9FC1969BBB5006F1EAC /* StateMachineTests.xctest */;
			productType = "com.apple.product-type.bundle.unit-test";
		};
/* End PBXNativeTarget section */

/* Begin PBXProject section */
		9AC8C9E71969BBB5006F1EAC /* Project object */ = {
			isa = PBXProject;
			attributes = {
				LastUpgradeCheck = 0600;
				ORGANIZATIONNAME = "Denys Telezhkin";
				TargetAttributes = {
					9AC8C9EE1969BBB5006F1EAC = {
						CreatedOnToolsVersion = 6.0;
					};
					9AC8C9FB1969BBB5006F1EAC = {
						CreatedOnToolsVersion = 6.0;
						TestTargetID = 9AC8C9EE1969BBB5006F1EAC;
					};
				};
			};
			buildConfigurationList = 9AC8C9EA1969BBB5006F1EAC /* Build configuration list for PBXProject "StateMachine" */;
			compatibilityVersion = "Xcode 3.2";
			developmentRegion = English;
			hasScannedForEncodings = 0;
			knownRegions = (
				en,
			);
			mainGroup = 9AC8C9E61969BBB5006F1EAC;
			productRefGroup = 9AC8C9F01969BBB5006F1EAC /* Products */;
			projectDirPath = "";
			projectRoot = "";
			targets = (
				9AC8C9EE1969BBB5006F1EAC /* StateMachine */,
				9AC8C9FB1969BBB5006F1EAC /* StateMachineTests */,
			);
		};
/* End PBXProject section */

/* Begin PBXResourcesBuildPhase section */
		9AC8C9ED1969BBB5006F1EAC /* Resources */ = {
			isa = PBXResourcesBuildPhase;
			buildActionMask = 2147483647;
			files = (
				9AC8C9F71969BBB5006F1EAC /* Images.xcassets in Resources */,
			);
			runOnlyForDeploymentPostprocessing = 0;
		};
		9AC8C9FA1969BBB5006F1EAC /* Resources */ = {
			isa = PBXResourcesBuildPhase;
			buildActionMask = 2147483647;
			files = (
			);
			runOnlyForDeploymentPostprocessing = 0;
		};
/* End PBXResourcesBuildPhase section */

/* Begin PBXSourcesBuildPhase section */
		9AC8C9EB1969BBB5006F1EAC /* Sources */ = {
			isa = PBXSourcesBuildPhase;
			buildActionMask = 2147483647;
			files = (
				9AC8C9F51969BBB5006F1EAC /* AppDelegate.swift in Sources */,
				9AFD84AA19FF9D76001C2639 /* Event.swift in Sources */,
				9AC8CA101969C668006F1EAC /* State.swift in Sources */,
				9AE16B9C1A1268C0000414F2 /* StateMachine.swift in Sources */,
			);
			runOnlyForDeploymentPostprocessing = 0;
		};
		9AC8C9F81969BBB5006F1EAC /* Sources */ = {
			isa = PBXSourcesBuildPhase;
			buildActionMask = 2147483647;
			files = (
				9AFD84A719FF9616001C2639 /* EventTests.swift in Sources */,
				9AFD84AB19FFE8F8001C2639 /* Event.swift in Sources */,
				9AB6BFA419EEBCA000E25A90 /* StateEventsTestCase.swift in Sources */,
				9A31BD7219EE9B40005BAE5A /* AddingStatesTestCase.swift in Sources */,
				9AC8CA161969CFED006F1EAC /* StateTests.swift in Sources */,
				9A31BD6E19ED55CB005BAE5A /* StateMachine.swift in Sources */,
				9A31BD6C19ED500E005BAE5A /* State.swift in Sources */,
				9A31BD7019EE6385005BAE5A /* StateMachineStateSwitchingTests.swift in Sources */,
			);
			runOnlyForDeploymentPostprocessing = 0;
		};
/* End PBXSourcesBuildPhase section */

/* Begin PBXTargetDependency section */
		9AC8C9FE1969BBB5006F1EAC /* PBXTargetDependency */ = {
			isa = PBXTargetDependency;
			target = 9AC8C9EE1969BBB5006F1EAC /* StateMachine */;
			targetProxy = 9AC8C9FD1969BBB5006F1EAC /* PBXContainerItemProxy */;
		};
/* End PBXTargetDependency section */

/* Begin XCBuildConfiguration section */
		9AC8CA041969BBB5006F1EAC /* Debug */ = {
			isa = XCBuildConfiguration;
			buildSettings = {
				ALWAYS_SEARCH_USER_PATHS = NO;
				CLANG_CXX_LANGUAGE_STANDARD = "gnu++0x";
				CLANG_CXX_LIBRARY = "libc++";
				CLANG_ENABLE_MODULES = YES;
				CLANG_ENABLE_OBJC_ARC = YES;
				CLANG_WARN_BOOL_CONVERSION = YES;
				CLANG_WARN_CONSTANT_CONVERSION = YES;
				CLANG_WARN_DIRECT_OBJC_ISA_USAGE = YES_ERROR;
				CLANG_WARN_EMPTY_BODY = YES;
				CLANG_WARN_ENUM_CONVERSION = YES;
				CLANG_WARN_INT_CONVERSION = YES;
				CLANG_WARN_OBJC_ROOT_CLASS = YES_ERROR;
				CLANG_WARN_UNREACHABLE_CODE = YES;
				CLANG_WARN__DUPLICATE_METHOD_MATCH = YES;
				"CODE_SIGN_IDENTITY[sdk=iphoneos*]" = "iPhone Developer";
				COPY_PHASE_STRIP = NO;
				ENABLE_STRICT_OBJC_MSGSEND = YES;
				GCC_C_LANGUAGE_STANDARD = gnu99;
				GCC_DYNAMIC_NO_PIC = NO;
				GCC_OPTIMIZATION_LEVEL = 0;
				GCC_PREPROCESSOR_DEFINITIONS = (
					"DEBUG=1",
					"$(inherited)",
				);
				GCC_SYMBOLS_PRIVATE_EXTERN = NO;
				GCC_WARN_64_TO_32_BIT_CONVERSION = YES;
				GCC_WARN_ABOUT_RETURN_TYPE = YES_ERROR;
				GCC_WARN_UNDECLARED_SELECTOR = YES;
				GCC_WARN_UNINITIALIZED_AUTOS = YES_AGGRESSIVE;
				GCC_WARN_UNUSED_FUNCTION = YES;
				GCC_WARN_UNUSED_VARIABLE = YES;
				IPHONEOS_DEPLOYMENT_TARGET = 8.0;
				METAL_ENABLE_DEBUG_INFO = YES;
				ONLY_ACTIVE_ARCH = YES;
				SDKROOT = iphoneos;
				SWIFT_OPTIMIZATION_LEVEL = "-Onone";
				TARGETED_DEVICE_FAMILY = "1,2";
			};
			name = Debug;
		};
		9AC8CA051969BBB5006F1EAC /* Release */ = {
			isa = XCBuildConfiguration;
			buildSettings = {
				ALWAYS_SEARCH_USER_PATHS = NO;
				CLANG_CXX_LANGUAGE_STANDARD = "gnu++0x";
				CLANG_CXX_LIBRARY = "libc++";
				CLANG_ENABLE_MODULES = YES;
				CLANG_ENABLE_OBJC_ARC = YES;
				CLANG_WARN_BOOL_CONVERSION = YES;
				CLANG_WARN_CONSTANT_CONVERSION = YES;
				CLANG_WARN_DIRECT_OBJC_ISA_USAGE = YES_ERROR;
				CLANG_WARN_EMPTY_BODY = YES;
				CLANG_WARN_ENUM_CONVERSION = YES;
				CLANG_WARN_INT_CONVERSION = YES;
				CLANG_WARN_OBJC_ROOT_CLASS = YES_ERROR;
				CLANG_WARN_UNREACHABLE_CODE = YES;
				CLANG_WARN__DUPLICATE_METHOD_MATCH = YES;
				"CODE_SIGN_IDENTITY[sdk=iphoneos*]" = "iPhone Developer";
				COPY_PHASE_STRIP = YES;
				ENABLE_NS_ASSERTIONS = NO;
				ENABLE_STRICT_OBJC_MSGSEND = YES;
				GCC_C_LANGUAGE_STANDARD = gnu99;
				GCC_WARN_64_TO_32_BIT_CONVERSION = YES;
				GCC_WARN_ABOUT_RETURN_TYPE = YES_ERROR;
				GCC_WARN_UNDECLARED_SELECTOR = YES;
				GCC_WARN_UNINITIALIZED_AUTOS = YES_AGGRESSIVE;
				GCC_WARN_UNUSED_FUNCTION = YES;
				GCC_WARN_UNUSED_VARIABLE = YES;
				IPHONEOS_DEPLOYMENT_TARGET = 8.0;
				METAL_ENABLE_DEBUG_INFO = NO;
				SDKROOT = iphoneos;
				TARGETED_DEVICE_FAMILY = "1,2";
				VALIDATE_PRODUCT = YES;
			};
			name = Release;
		};
		9AC8CA071969BBB5006F1EAC /* Debug */ = {
			isa = XCBuildConfiguration;
			buildSettings = {
				ASSETCATALOG_COMPILER_APPICON_NAME = AppIcon;
				ASSETCATALOG_COMPILER_LAUNCHIMAGE_NAME = LaunchImage;
				INFOPLIST_FILE = StateMachine/Info.plist;
				LD_RUNPATH_SEARCH_PATHS = "$(inherited) @executable_path/Frameworks";
				PRODUCT_NAME = "$(TARGET_NAME)";
			};
			name = Debug;
		};
		9AC8CA081969BBB5006F1EAC /* Release */ = {
			isa = XCBuildConfiguration;
			buildSettings = {
				ASSETCATALOG_COMPILER_APPICON_NAME = AppIcon;
				ASSETCATALOG_COMPILER_LAUNCHIMAGE_NAME = LaunchImage;
				INFOPLIST_FILE = StateMachine/Info.plist;
				LD_RUNPATH_SEARCH_PATHS = "$(inherited) @executable_path/Frameworks";
				PRODUCT_NAME = "$(TARGET_NAME)";
			};
			name = Release;
		};
		9AC8CA0A1969BBB5006F1EAC /* Debug */ = {
			isa = XCBuildConfiguration;
			buildSettings = {
				BUNDLE_LOADER = "$(BUILT_PRODUCTS_DIR)/StateMachine.app/StateMachine";
				CLANG_ENABLE_MODULES = YES;
				FRAMEWORK_SEARCH_PATHS = (
					"$(SDKROOT)/Developer/Library/Frameworks",
					"$(inherited)",
				);
				GCC_PREPROCESSOR_DEFINITIONS = (
					"DEBUG=1",
					"$(inherited)",
				);
				INFOPLIST_FILE = StateMachineTests/Info.plist;
				LD_RUNPATH_SEARCH_PATHS = "$(inherited) @executable_path/Frameworks @loader_path/Frameworks";
				METAL_ENABLE_DEBUG_INFO = YES;
				PRODUCT_NAME = "$(TARGET_NAME)";
				SWIFT_OPTIMIZATION_LEVEL = "-Onone";
				TEST_HOST = "$(BUNDLE_LOADER)";
			};
			name = Debug;
		};
		9AC8CA0B1969BBB5006F1EAC /* Release */ = {
			isa = XCBuildConfiguration;
			buildSettings = {
				BUNDLE_LOADER = "$(BUILT_PRODUCTS_DIR)/StateMachine.app/StateMachine";
				CLANG_ENABLE_MODULES = YES;
				FRAMEWORK_SEARCH_PATHS = (
					"$(SDKROOT)/Developer/Library/Frameworks",
					"$(inherited)",
				);
				INFOPLIST_FILE = StateMachineTests/Info.plist;
				LD_RUNPATH_SEARCH_PATHS = "$(inherited) @executable_path/Frameworks @loader_path/Frameworks";
				METAL_ENABLE_DEBUG_INFO = NO;
				PRODUCT_NAME = "$(TARGET_NAME)";
				TEST_HOST = "$(BUNDLE_LOADER)";
			};
			name = Release;
		};
/* End XCBuildConfiguration section */

/* Begin XCConfigurationList section */
		9AC8C9EA1969BBB5006F1EAC /* Build configuration list for PBXProject "StateMachine" */ = {
			isa = XCConfigurationList;
			buildConfigurations = (
				9AC8CA041969BBB5006F1EAC /* Debug */,
				9AC8CA051969BBB5006F1EAC /* Release */,
			);
			defaultConfigurationIsVisible = 0;
			defaultConfigurationName = Release;
		};
		9AC8CA061969BBB5006F1EAC /* Build configuration list for PBXNativeTarget "StateMachine" */ = {
			isa = XCConfigurationList;
			buildConfigurations = (
				9AC8CA071969BBB5006F1EAC /* Debug */,
				9AC8CA081969BBB5006F1EAC /* Release */,
			);
			defaultConfigurationIsVisible = 0;
			defaultConfigurationName = Release;
		};
		9AC8CA091969BBB5006F1EAC /* Build configuration list for PBXNativeTarget "StateMachineTests" */ = {
			isa = XCConfigurationList;
			buildConfigurations = (
				9AC8CA0A1969BBB5006F1EAC /* Debug */,
				9AC8CA0B1969BBB5006F1EAC /* Release */,
			);
			defaultConfigurationIsVisible = 0;
			defaultConfigurationName = Release;
		};
/* End XCConfigurationList section */
	};
	rootObject = 9AC8C9E71969BBB5006F1EAC /* Project object */;
}
